
Microsoft Visual Studio Solution File, Format Version 12.00
# Visual Studio Version 17
VisualStudioVersion = 17.0.31903.59
MinimumVisualStudioVersion = 10.0.40219.1
Project("{FAE04EC0-301F-11D3-BF4B-00C04F79EFBC}") = "Todo.Core", "Todo.Core\Todo.Core.csproj", "{FE74923B-9071-4134-94C0-C1BBE26D0454}"
EndProject
Project("{FAE04EC0-301F-11D3-BF4B-00C04F79EFBC}") = "Todo.Api", "Todo.Api\Todo.Api.csproj", "{5E500C10-7A20-4303-8E8C-3DA0F3AD5599}"
EndProject
Global
	GlobalSection(SolutionConfigurationPlatforms) = preSolution
		Debug|Any CPU = Debug|Any CPU
		Debug|x64 = Debug|x64
		Debug|x86 = Debug|x86
		Release|Any CPU = Release|Any CPU
		Release|x64 = Release|x64
		Release|x86 = Release|x86
	EndGlobalSection
	GlobalSection(ProjectConfigurationPlatforms) = postSolution
		{FE74923B-9071-4134-94C0-C1BBE26D0454}.Debug|Any CPU.ActiveCfg = Debug|Any CPU
		{FE74923B-9071-4134-94C0-C1BBE26D0454}.Debug|Any CPU.Build.0 = Debug|Any CPU
		{FE74923B-9071-4134-94C0-C1BBE26D0454}.Debug|x64.ActiveCfg = Debug|Any CPU
		{FE74923B-9071-4134-94C0-C1BBE26D0454}.Debug|x64.Build.0 = Debug|Any CPU
		{FE74923B-9071-4134-94C0-C1BBE26D0454}.Debug|x86.ActiveCfg = Debug|Any CPU
		{FE74923B-9071-4134-94C0-C1BBE26D0454}.Debug|x86.Build.0 = Debug|Any CPU
		{FE74923B-9071-4134-94C0-C1BBE26D0454}.Release|Any CPU.ActiveCfg = Release|Any CPU
		{FE74923B-9071-4134-94C0-C1BBE26D0454}.Release|Any CPU.Build.0 = Release|Any CPU
		{FE74923B-9071-4134-94C0-C1BBE26D0454}.Release|x64.ActiveCfg = Release|Any CPU
		{FE74923B-9071-4134-94C0-C1BBE26D0454}.Release|x64.Build.0 = Release|Any CPU
		{FE74923B-9071-4134-94C0-C1BBE26D0454}.Release|x86.ActiveCfg = Release|Any CPU
		{FE74923B-9071-4134-94C0-C1BBE26D0454}.Release|x86.Build.0 = Release|Any CPU
		{5E500C10-7A20-4303-8E8C-3DA0F3AD5599}.Debug|Any CPU.ActiveCfg = Debug|Any CPU
		{5E500C10-7A20-4303-8E8C-3DA0F3AD5599}.Debug|Any CPU.Build.0 = Debug|Any CPU
		{5E500C10-7A20-4303-8E8C-3DA0F3AD5599}.Debug|x64.ActiveCfg = Debug|Any CPU
		{5E500C10-7A20-4303-8E8C-3DA0F3AD5599}.Debug|x64.Build.0 = Debug|Any CPU
		{5E500C10-7A20-4303-8E8C-3DA0F3AD5599}.Debug|x86.ActiveCfg = Debug|Any CPU
		{5E500C10-7A20-4303-8E8C-3DA0F3AD5599}.Debug|x86.Build.0 = Debug|Any CPU
		{5E500C10-7A20-4303-8E8C-3DA0F3AD5599}.Release|Any CPU.ActiveCfg = Release|Any CPU
		{5E500C10-7A20-4303-8E8C-3DA0F3AD5599}.Release|Any CPU.Build.0 = Release|Any CPU
		{5E500C10-7A20-4303-8E8C-3DA0F3AD5599}.Release|x64.ActiveCfg = Release|Any CPU
		{5E500C10-7A20-4303-8E8C-3DA0F3AD5599}.Release|x64.Build.0 = Release|Any CPU
		{5E500C10-7A20-4303-8E8C-3DA0F3AD5599}.Release|x86.ActiveCfg = Release|Any CPU
		{5E500C10-7A20-4303-8E8C-3DA0F3AD5599}.Release|x86.Build.0 = Release|Any CPU
	EndGlobalSection
	GlobalSection(SolutionProperties) = preSolution
		HideSolutionNode = FALSE
	EndGlobalSection
EndGlobal
